
Microsoft Visual Studio Solution File, Format Version 12.00
# Visual Studio 15
Project("{FAE04EC0-301F-11D3-BF4B-00C04F79EFBC}") = "Assembly-CSharp", "Assembly-CSharp.csproj", "{557D0119-2812-67FE-754C-BF3E4956DB8E}"
EndProject
Project("{FAE04EC0-301F-11D3-BF4B-00C04F79EFBC}") = "RoadArchitect", "RoadArchitect.csproj", "{437ABAE3-E960-5CF7-BCF6-D8AA2BF0F807}"
EndProject
Project("{FAE04EC0-301F-11D3-BF4B-00C04F79EFBC}") = "Assembly-CSharp-Editor", "Assembly-CSharp-Editor.csproj", "{5BF08D58-51D9-A4DA-13D0-373F2C44E74D}"
EndProject
Global
	GlobalSection(SolutionConfigurationPlatforms) = preSolution
		Debug|Any CPU = Debug|Any CPU
		Release|Any CPU = Release|Any CPU
	EndGlobalSection
	GlobalSection(ProjectConfigurationPlatforms) = postSolution
		{557D0119-2812-67FE-754C-BF3E4956DB8E}.Debug|Any CPU.ActiveCfg = Debug|Any CPU
		{557D0119-2812-67FE-754C-BF3E4956DB8E}.Debug|Any CPU.Build.0 = Debug|Any CPU
		{557D0119-2812-67FE-754C-BF3E4956DB8E}.Release|Any CPU.ActiveCfg = Release|Any CPU
		{557D0119-2812-67FE-754C-BF3E4956DB8E}.Release|Any CPU.Build.0 = Release|Any CPU
		{437ABAE3-E960-5CF7-BCF6-D8AA2BF0F807}.Debug|Any CPU.ActiveCfg = Debug|Any CPU
		{437ABAE3-E960-5CF7-BCF6-D8AA2BF0F807}.Debug|Any CPU.Build.0 = Debug|Any CPU
		{437ABAE3-E960-5CF7-BCF6-D8AA2BF0F807}.Release|Any CPU.ActiveCfg = Release|Any CPU
		{437ABAE3-E960-5CF7-BCF6-D8AA2BF0F807}.Release|Any CPU.Build.0 = Release|Any CPU
		{5BF08D58-51D9-A4DA-13D0-373F2C44E74D}.Debug|Any CPU.ActiveCfg = Debug|Any CPU
		{5BF08D58-51D9-A4DA-13D0-373F2C44E74D}.Debug|Any CPU.Build.0 = Debug|Any CPU
		{5BF08D58-51D9-A4DA-13D0-373F2C44E74D}.Release|Any CPU.ActiveCfg = Release|Any CPU
		{5BF08D58-51D9-A4DA-13D0-373F2C44E74D}.Release|Any CPU.Build.0 = Release|Any CPU
	EndGlobalSection
	GlobalSection(SolutionProperties) = preSolution
		HideSolutionNode = FALSE
	EndGlobalSection
EndGlobal
