
Microsoft Visual Studio Solution File, Format Version 12.00
# Visual Studio 15
Project("{FAE04EC0-301F-11D3-BF4B-00C04F79EFBC}") = "UnityEngine.UI", "UnityEngine.UI.csproj", "{A1FA7AE3-B81A-47B1-34EF-E819B0AAD1C7}"
EndProject
Project("{FAE04EC0-301F-11D3-BF4B-00C04F79EFBC}") = "UnityEngine.SpatialTracking", "UnityEngine.SpatialTracking.csproj", "{4696C53E-DFC0-6FED-D74F-ED2BBA549D62}"
EndProject
Project("{FAE04EC0-301F-11D3-BF4B-00C04F79EFBC}") = "Unity.RenderPipelines.Core.Runtime", "Unity.RenderPipelines.Core.Runtime.csproj", "{084D1AD6-DB5D-D8A5-0969-17EF34A4B05D}"
EndProject
Project("{FAE04EC0-301F-11D3-BF4B-00C04F79EFBC}") = "Unity.XR.Interaction.Toolkit", "Unity.XR.Interaction.Toolkit.csproj", "{84C48FE9-C905-8016-B668-4AEB163DAD74}"
EndProject
Project("{FAE04EC0-301F-11D3-BF4B-00C04F79EFBC}") = "CesiumRuntime", "CesiumRuntime.csproj", "{079600B0-B7ED-2620-9D8C-5B43BD439BAE}"
EndProject
Project("{FAE04EC0-301F-11D3-BF4B-00C04F79EFBC}") = "UnityEngine.TestRunner", "UnityEngine.TestRunner.csproj", "{AF8F7843-94EA-6496-A33F-478A0A035058}"
EndProject
Project("{FAE04EC0-301F-11D3-BF4B-00C04F79EFBC}") = "Unity.InputSystem", "Unity.InputSystem.csproj", "{B669C993-828C-CDBC-D5B1-F3BBCDB67705}"
EndProject
Project("{FAE04EC0-301F-11D3-BF4B-00C04F79EFBC}") = "Unity.VisualScripting.State", "Unity.VisualScripting.State.csproj", "{DD639BCD-A139-AB2C-1925-F29892A9FC32}"
EndProject
Project("{FAE04EC0-301F-11D3-BF4B-00C04F79EFBC}") = "Unity.RenderPipelines.Universal.Runtime", "Unity.RenderPipelines.Universal.Runtime.csproj", "{A605D310-3A9A-E0E9-34CD-61EF1A63E2BF}"
EndProject
Project("{FAE04EC0-301F-11D3-BF4B-00C04F79EFBC}") = "Assembly-CSharp", "Assembly-CSharp.csproj", "{557D0119-2812-67FE-754C-BF3E4956DB8E}"
EndProject
Project("{FAE04EC0-301F-11D3-BF4B-00C04F79EFBC}") = "Unity.VisualScripting.Flow", "Unity.VisualScripting.Flow.csproj", "{028CA926-CC11-D177-569C-ACC36FE16474}"
EndProject
Project("{FAE04EC0-301F-11D3-BF4B-00C04F79EFBC}") = "Unity.VisualScripting.Core", "Unity.VisualScripting.Core.csproj", "{2DCDD026-D5F3-8F1D-BC51-CDC773F382FB}"
EndProject
Project("{FAE04EC0-301F-11D3-BF4B-00C04F79EFBC}") = "Unity.TextMeshPro", "Unity.TextMeshPro.csproj", "{D7D3D45F-A27A-B96E-F32A-DCB2CECDEC11}"
EndProject
Project("{FAE04EC0-301F-11D3-BF4B-00C04F79EFBC}") = "Unity.Burst", "Unity.Burst.csproj", "{62604D3F-6857-E4F3-7884-4CF8512450E2}"
EndProject
Project("{FAE04EC0-301F-11D3-BF4B-00C04F79EFBC}") = "Unity.RenderPipeline.Universal.ShaderLibrary", "Unity.RenderPipeline.Universal.ShaderLibrary.csproj", "{19B7525B-F2F2-138D-B06E-C72C904A1A33}"
EndProject
Project("{FAE04EC0-301F-11D3-BF4B-00C04F79EFBC}") = "Cinemachine", "Cinemachine.csproj", "{26D6776F-403E-A7BF-D22A-3BAFD074EC4C}"
EndProject
Project("{FAE04EC0-301F-11D3-BF4B-00C04F79EFBC}") = "Unity.XR.CoreUtils", "Unity.XR.CoreUtils.csproj", "{BB6CB315-99C0-BBE9-1582-BAF162BCC6CE}"
EndProject
Project("{FAE04EC0-301F-11D3-BF4B-00C04F79EFBC}") = "Unity.XR.OpenXR", "Unity.XR.OpenXR.csproj", "{9AD419D3-FFE3-F21D-2DF3-09C5446D9C09}"
EndProject
Project("{FAE04EC0-301F-11D3-BF4B-00C04F79EFBC}") = "Unity.Timeline", "Unity.Timeline.csproj", "{436FA9EE-A2F5-3001-1143-06871CA79CB8}"
EndProject
Project("{FAE04EC0-301F-11D3-BF4B-00C04F79EFBC}") = "Unity.Mathematics", "Unity.Mathematics.csproj", "{640028D4-C273-8768-6E02-FD1AA0B0912C}"
EndProject
Project("{FAE04EC0-301F-11D3-BF4B-00C04F79EFBC}") = "RoadArchitect", "RoadArchitect.csproj", "{437ABAE3-E960-5CF7-BCF6-D8AA2BF0F807}"
EndProject
Project("{FAE04EC0-301F-11D3-BF4B-00C04F79EFBC}") = "Unity.XR.Interaction.Toolkit.Samples.DeviceSimulator", "Unity.XR.Interaction.Toolkit.Samples.DeviceSimulator.csproj", "{1A4E116D-9988-9335-4BC8-D65EC92AC120}"
EndProject
Project("{FAE04EC0-301F-11D3-BF4B-00C04F79EFBC}") = "Unity.XR.Management", "Unity.XR.Management.csproj", "{87D4162F-741F-0AC2-4147-F2C40892CDCD}"
EndProject
Project("{FAE04EC0-301F-11D3-BF4B-00C04F79EFBC}") = "UnityEngine.XR.LegacyInputHelpers", "UnityEngine.XR.LegacyInputHelpers.csproj", "{B4151825-B91D-2D0C-F91F-B7EDF4185C64}"
EndProject
Project("{FAE04EC0-301F-11D3-BF4B-00C04F79EFBC}") = "Unity.XR.OpenXR.Features.ConformanceAutomation", "Unity.XR.OpenXR.Features.ConformanceAutomation.csproj", "{7D46C511-FBC8-4CEC-4F22-8FB3A3B04639}"
EndProject
Project("{FAE04EC0-301F-11D3-BF4B-00C04F79EFBC}") = "Unity.XR.OpenXR.Features.MockRuntime", "Unity.XR.OpenXR.Features.MockRuntime.csproj", "{E770923B-ED1B-4B70-1447-7541A0FD5654}"
EndProject
Project("{FAE04EC0-301F-11D3-BF4B-00C04F79EFBC}") = "Unity.XR.OpenXR.Features.MetaQuestSupport", "Unity.XR.OpenXR.Features.MetaQuestSupport.csproj", "{04E28E27-361D-BCEC-24E5-BABCA43A8F4D}"
EndProject
Project("{FAE04EC0-301F-11D3-BF4B-00C04F79EFBC}") = "Unity.RenderPipelines.ShaderGraph.ShaderGraphLibrary", "Unity.RenderPipelines.ShaderGraph.ShaderGraphLibrary.csproj", "{1840FCAB-EBCC-F8B0-82BF-430D842989ED}"
EndProject
Project("{FAE04EC0-301F-11D3-BF4B-00C04F79EFBC}") = "Unity.InputSystem.TestFramework", "Unity.InputSystem.TestFramework.csproj", "{853EE6C7-5437-63F8-6485-C33B60DD9D73}"
EndProject
Project("{FAE04EC0-301F-11D3-BF4B-00C04F79EFBC}") = "Unity.RenderPipelines.Core.ShaderLibrary", "Unity.RenderPipelines.Core.ShaderLibrary.csproj", "{54DD52C0-5813-902A-0C8D-8772F4D02141}"
EndProject
Project("{FAE04EC0-301F-11D3-BF4B-00C04F79EFBC}") = "Unity.XR.OpenXR.Features.RuntimeDebugger", "Unity.XR.OpenXR.Features.RuntimeDebugger.csproj", "{1BC46AF3-DD4D-5B30-A6EA-B5509FA1A287}"
EndProject
Project("{FAE04EC0-301F-11D3-BF4B-00C04F79EFBC}") = "Unity.RenderPipelines.Universal.Shaders", "Unity.RenderPipelines.Universal.Shaders.csproj", "{9CE6B38B-0AE4-FFFB-CE89-E23A2F589CBC}"
EndProject
Project("{FAE04EC0-301F-11D3-BF4B-00C04F79EFBC}") = "Unity.XR.OpenXR.Features.OculusQuestSupport", "Unity.XR.OpenXR.Features.OculusQuestSupport.csproj", "{30330BDC-F56C-E719-2C12-9229C4CC1439}"
EndProject
Project("{FAE04EC0-301F-11D3-BF4B-00C04F79EFBC}") = "Unity.PlasticSCM.Editor", "Unity.PlasticSCM.Editor.csproj", "{3B24DB89-3302-4B49-7073-2114EBF9D241}"
EndProject
Project("{FAE04EC0-301F-11D3-BF4B-00C04F79EFBC}") = "Unity.VisualScripting.Core.Editor", "Unity.VisualScripting.Core.Editor.csproj", "{6E8C2956-BDD3-5548-B447-0BD65E9CCF1D}"
EndProject
Project("{FAE04EC0-301F-11D3-BF4B-00C04F79EFBC}") = "Unity.ShaderGraph.Editor", "Unity.ShaderGraph.Editor.csproj", "{8ACFB0E9-6825-0396-B35C-819807BB7244}"
EndProject
Project("{FAE04EC0-301F-11D3-BF4B-00C04F79EFBC}") = "Unity.Timeline.Editor", "Unity.Timeline.Editor.csproj", "{70F8E8AD-3642-1AC4-D34E-603375D5BF41}"
EndProject
Project("{FAE04EC0-301F-11D3-BF4B-00C04F79EFBC}") = "Unity.RenderPipelines.Universal.Editor", "Unity.RenderPipelines.Universal.Editor.csproj", "{5EE9B137-865F-1E8D-E270-183E1607A740}"
EndProject
Project("{FAE04EC0-301F-11D3-BF4B-00C04F79EFBC}") = "com.unity.cinemachine.editor", "com.unity.cinemachine.editor.csproj", "{5D1AB810-F8C0-22E5-47D0-F749F38252E9}"
EndProject
Project("{FAE04EC0-301F-11D3-BF4B-00C04F79EFBC}") = "Unity.XR.Interaction.Toolkit.Editor", "Unity.XR.Interaction.Toolkit.Editor.csproj", "{27A24862-CDA4-7E85-F545-446FEB732CBF}"
EndProject
Project("{FAE04EC0-301F-11D3-BF4B-00C04F79EFBC}") = "Unity.TextMeshPro.Editor", "Unity.TextMeshPro.Editor.csproj", "{79FB93E5-C49C-1212-5F0A-D7DB8DE9639F}"
EndProject
Project("{FAE04EC0-301F-11D3-BF4B-00C04F79EFBC}") = "Unity.VisualScripting.SettingsProvider.Editor", "Unity.VisualScripting.SettingsProvider.Editor.csproj", "{81CD26E1-EF9B-CEA8-FF94-F42EB5CB6C68}"
EndProject
Project("{FAE04EC0-301F-11D3-BF4B-00C04F79EFBC}") = "UnityEditor.TestRunner", "UnityEditor.TestRunner.csproj", "{82275443-1B1E-EF19-B44D-9391C107A65C}"
EndProject
Project("{FAE04EC0-301F-11D3-BF4B-00C04F79EFBC}") = "Unity.TestTools.CodeCoverage.Editor", "Unity.TestTools.CodeCoverage.Editor.csproj", "{2B1F2591-ADD9-9A86-0AA6-AB8A2AAA3DDE}"
EndProject
Project("{FAE04EC0-301F-11D3-BF4B-00C04F79EFBC}") = "Unity.VisualScripting.Flow.Editor", "Unity.VisualScripting.Flow.Editor.csproj", "{EB1A6368-5044-F4E7-A74A-09933CD58A94}"
EndProject
Project("{FAE04EC0-301F-11D3-BF4B-00C04F79EFBC}") = "Unity.Rider.Editor", "Unity.Rider.Editor.csproj", "{12CF5290-B125-3480-CF7D-200D35524626}"
EndProject
Project("{FAE04EC0-301F-11D3-BF4B-00C04F79EFBC}") = "Unity.Performance.Profile-Analyzer.Editor", "Unity.Performance.Profile-Analyzer.Editor.csproj", "{EAA35E38-A316-5FA4-C991-4B470ADF2B9A}"
EndProject
Project("{FAE04EC0-301F-11D3-BF4B-00C04F79EFBC}") = "Unity.RenderPipelines.Core.Editor", "Unity.RenderPipelines.Core.Editor.csproj", "{DB96F4F6-12E8-7D18-FB81-41A54A474A5F}"
EndProject
Project("{FAE04EC0-301F-11D3-BF4B-00C04F79EFBC}") = "Unity.Burst.CodeGen", "Unity.Burst.CodeGen.csproj", "{DE1D705E-082A-F9EA-1B97-CC9F78FB2701}"
EndProject
Project("{FAE04EC0-301F-11D3-BF4B-00C04F79EFBC}") = "Unity.XR.OpenXR.Features.OculusQuestSupport.Editor", "Unity.XR.OpenXR.Features.OculusQuestSupport.Editor.csproj", "{E8223975-257C-2F82-7E23-14A40901B42C}"
EndProject
Project("{FAE04EC0-301F-11D3-BF4B-00C04F79EFBC}") = "Unity.XR.Management.Editor", "Unity.XR.Management.Editor.csproj", "{57C7A691-1E67-CE53-DE15-D5D2669819EE}"
EndProject
Project("{FAE04EC0-301F-11D3-BF4B-00C04F79EFBC}") = "Unity.VSCode.Editor", "Unity.VSCode.Editor.csproj", "{8458CFC5-E055-2317-8A25-BCBF7F3E31A0}"
EndProject
Project("{FAE04EC0-301F-11D3-BF4B-00C04F79EFBC}") = "Unity.VisualStudio.Editor", "Unity.VisualStudio.Editor.csproj", "{CD858541-AC0C-80F3-1223-F2614883DE9E}"
EndProject
Project("{FAE04EC0-301F-11D3-BF4B-00C04F79EFBC}") = "CesiumEditor", "CesiumEditor.csproj", "{54B0FD6A-5FC9-81E1-7C94-5B8F48A25A1E}"
EndProject
Project("{FAE04EC0-301F-11D3-BF4B-00C04F79EFBC}") = "Unity.TestTools.CodeCoverage.Editor.OpenCover.Model", "Unity.TestTools.CodeCoverage.Editor.OpenCover.Model.csproj", "{2C3E4C93-5368-8D4D-C8EF-30DD572CABDE}"
EndProject
Project("{FAE04EC0-301F-11D3-BF4B-00C04F79EFBC}") = "Unity.Settings.Editor", "Unity.Settings.Editor.csproj", "{6F388981-B050-2190-6478-DB7B55938748}"
EndProject
Project("{FAE04EC0-301F-11D3-BF4B-00C04F79EFBC}") = "UnityEditor.SpatialTracking", "UnityEditor.SpatialTracking.csproj", "{DD3210AE-A8DC-8824-DD1E-7803E2347046}"
EndProject
Project("{FAE04EC0-301F-11D3-BF4B-00C04F79EFBC}") = "PPv2URPConverters", "PPv2URPConverters.csproj", "{193FFD06-38F5-54B3-54E3-B8111320042D}"
EndProject
Project("{FAE04EC0-301F-11D3-BF4B-00C04F79EFBC}") = "Assembly-CSharp-Editor", "Assembly-CSharp-Editor.csproj", "{5BF08D58-51D9-A4DA-13D0-373F2C44E74D}"
EndProject
Project("{FAE04EC0-301F-11D3-BF4B-00C04F79EFBC}") = "Unity.XR.OpenXR.Editor", "Unity.XR.OpenXR.Editor.csproj", "{58D70519-C60E-C863-30B2-DD6974E9F0F8}"
EndProject
Project("{FAE04EC0-301F-11D3-BF4B-00C04F79EFBC}") = "Unity.CollabProxy.Editor", "Unity.CollabProxy.Editor.csproj", "{3F1F49D7-B800-104B-8B51-2DDC47092662}"
EndProject
Project("{FAE04EC0-301F-11D3-BF4B-00C04F79EFBC}") = "Unity.VisualScripting.State.Editor", "Unity.VisualScripting.State.Editor.csproj", "{4D00D17D-72C5-D6E6-ED7E-BCB2A84BF2CD}"
EndProject
Project("{FAE04EC0-301F-11D3-BF4B-00C04F79EFBC}") = "UnityEditor.UI", "UnityEditor.UI.csproj", "{4BE390ED-7ADC-44ED-D6C2-F822E4075C0B}"
EndProject
Project("{FAE04EC0-301F-11D3-BF4B-00C04F79EFBC}") = "Unity.XR.CoreUtils.Editor", "Unity.XR.CoreUtils.Editor.csproj", "{84647960-ECF1-B731-0B65-4117A81578CC}"
EndProject
Project("{FAE04EC0-301F-11D3-BF4B-00C04F79EFBC}") = "UnityEditor.XR.LegacyInputHelpers", "UnityEditor.XR.LegacyInputHelpers.csproj", "{0E5CEA18-89E6-132A-C5C0-BC6ED1E53E1A}"
EndProject
Project("{FAE04EC0-301F-11D3-BF4B-00C04F79EFBC}") = "Unity.Searcher.Editor", "Unity.Searcher.Editor.csproj", "{FCDA61AB-3039-FC5C-2EE7-5478E93FBF94}"
EndProject
Project("{FAE04EC0-301F-11D3-BF4B-00C04F79EFBC}") = "Unity.Burst.Editor", "Unity.Burst.Editor.csproj", "{80046BB5-E437-10BF-2487-32DAAECB3F10}"
EndProject
Project("{FAE04EC0-301F-11D3-BF4B-00C04F79EFBC}") = "Unity.XR.OpenXR.Features.RuntimeDebugger.Editor", "Unity.XR.OpenXR.Features.RuntimeDebugger.Editor.csproj", "{0B1A5D64-AAF5-16BF-4205-B6797FB4F19B}"
EndProject
Project("{FAE04EC0-301F-11D3-BF4B-00C04F79EFBC}") = "Unity.ShaderGraph.Utilities", "Unity.ShaderGraph.Utilities.csproj", "{F4742C08-953E-14BD-3F6C-D4E439E682E2}"
EndProject
Project("{FAE04EC0-301F-11D3-BF4B-00C04F79EFBC}") = "Unity.XR.OpenXR.Features.MetaQuestSupport.Editor", "Unity.XR.OpenXR.Features.MetaQuestSupport.Editor.csproj", "{723EF0D2-666D-3AA7-0AC4-0F5193AF5135}"
EndProject
Project("{FAE04EC0-301F-11D3-BF4B-00C04F79EFBC}") = "Unity.Mathematics.Editor", "Unity.Mathematics.Editor.csproj", "{B154DD04-1BF7-9AD6-44F2-59E0E1047347}"
EndProject
Project("{FAE04EC0-301F-11D3-BF4B-00C04F79EFBC}") = "Unity.TestTools.CodeCoverage.Editor.OpenCover.Mono.Reflection", "Unity.TestTools.CodeCoverage.Editor.OpenCover.Mono.Reflection.csproj", "{AA28CD47-1616-D962-0EE8-467220B8874D}"
EndProject
Project("{FAE04EC0-301F-11D3-BF4B-00C04F79EFBC}") = "Unity.EditorCoroutines.Editor", "Unity.EditorCoroutines.Editor.csproj", "{4E8E084A-8FAD-D809-DBD0-7BCA48D7C459}"
EndProject
Project("{FAE04EC0-301F-11D3-BF4B-00C04F79EFBC}") = "Unity.VisualScripting.Shared.Editor", "Unity.VisualScripting.Shared.Editor.csproj", "{D97B1866-EC2D-2704-DE41-BAA0D9EBF810}"
EndProject
Project("{FAE04EC0-301F-11D3-BF4B-00C04F79EFBC}") = "UnityEngine.UI", "UnityEngine.UI.Player.csproj", "{40A17B45-FB7C-78AC-D720-E0C1614440E6}"
EndProject
Project("{FAE04EC0-301F-11D3-BF4B-00C04F79EFBC}") = "UnityEngine.SpatialTracking", "UnityEngine.SpatialTracking.Player.csproj", "{6D035D26-8AA8-7120-FE2A-BB53A042FB01}"
EndProject
Project("{FAE04EC0-301F-11D3-BF4B-00C04F79EFBC}") = "Unity.RenderPipelines.Core.Runtime", "Unity.RenderPipelines.Core.Runtime.Player.csproj", "{DE845299-000E-D692-ED52-432B87AF1E28}"
EndProject
Project("{FAE04EC0-301F-11D3-BF4B-00C04F79EFBC}") = "Unity.XR.Interaction.Toolkit", "Unity.XR.Interaction.Toolkit.Player.csproj", "{C39F3916-83FD-1097-707F-EFA14457B775}"
EndProject
Project("{FAE04EC0-301F-11D3-BF4B-00C04F79EFBC}") = "CesiumRuntime", "CesiumRuntime.Player.csproj", "{424E5EBB-442C-8C42-A1A4-03FEB67987EC}"
EndProject
Project("{FAE04EC0-301F-11D3-BF4B-00C04F79EFBC}") = "UnityEngine.TestRunner", "UnityEngine.TestRunner.Player.csproj", "{09F91743-0324-8969-39BA-5BC650E10B45}"
EndProject
Project("{FAE04EC0-301F-11D3-BF4B-00C04F79EFBC}") = "Unity.InputSystem", "Unity.InputSystem.Player.csproj", "{839BFD68-4710-1C94-5616-EF4E13A02097}"
EndProject
Project("{FAE04EC0-301F-11D3-BF4B-00C04F79EFBC}") = "Unity.VisualScripting.State", "Unity.VisualScripting.State.Player.csproj", "{B2417817-AFE5-46AD-72B2-8C9BC8E19E96}"
EndProject
Project("{FAE04EC0-301F-11D3-BF4B-00C04F79EFBC}") = "Unity.RenderPipelines.Universal.Runtime", "Unity.RenderPipelines.Universal.Runtime.Player.csproj", "{DA6E9F14-57AA-D4B3-C74E-1115DF6D979B}"
EndProject
Project("{FAE04EC0-301F-11D3-BF4B-00C04F79EFBC}") = "Assembly-CSharp", "Assembly-CSharp.Player.csproj", "{6F3D7D1F-4EEF-32E8-440F-FCC6C156C8A7}"
EndProject
Project("{FAE04EC0-301F-11D3-BF4B-00C04F79EFBC}") = "Unity.VisualScripting.Flow", "Unity.VisualScripting.Flow.Player.csproj", "{E177D19E-3B27-7C9D-CCB5-EFF6D44B904C}"
EndProject
Project("{FAE04EC0-301F-11D3-BF4B-00C04F79EFBC}") = "Unity.VisualScripting.Core", "Unity.VisualScripting.Core.Player.csproj", "{A57F8416-C391-F8E0-CF91-D10D0ADE102E}"
EndProject
Project("{FAE04EC0-301F-11D3-BF4B-00C04F79EFBC}") = "Unity.TextMeshPro", "Unity.TextMeshPro.Player.csproj", "{9B077EDE-A31E-2733-4531-512E698C8B9F}"
EndProject
Project("{FAE04EC0-301F-11D3-BF4B-00C04F79EFBC}") = "Unity.Burst", "Unity.Burst.Player.csproj", "{2B65AA05-ED85-639E-2D0B-0AEBCE13D479}"
EndProject
Project("{FAE04EC0-301F-11D3-BF4B-00C04F79EFBC}") = "Unity.RenderPipeline.Universal.ShaderLibrary", "Unity.RenderPipeline.Universal.ShaderLibrary.Player.csproj", "{DF295656-DAE7-893B-5E94-8541A569B27A}"
EndProject
Project("{FAE04EC0-301F-11D3-BF4B-00C04F79EFBC}") = "Cinemachine", "Cinemachine.Player.csproj", "{2C60C986-67C4-0C18-845D-563C0B877B6E}"
EndProject
Project("{FAE04EC0-301F-11D3-BF4B-00C04F79EFBC}") = "Unity.XR.CoreUtils", "Unity.XR.CoreUtils.Player.csproj", "{CD9B143F-02FA-2D95-AA0D-27B1421AF1B2}"
EndProject
Project("{FAE04EC0-301F-11D3-BF4B-00C04F79EFBC}") = "Unity.XR.OpenXR", "Unity.XR.OpenXR.Player.csproj", "{BE612D3C-5723-891A-AA47-06B74448E577}"
EndProject
Project("{FAE04EC0-301F-11D3-BF4B-00C04F79EFBC}") = "Unity.Timeline", "Unity.Timeline.Player.csproj", "{8AD0F7D6-BD40-8ACE-8625-235E33009D53}"
EndProject
Project("{FAE04EC0-301F-11D3-BF4B-00C04F79EFBC}") = "Unity.Mathematics", "Unity.Mathematics.Player.csproj", "{E75798C8-E0BB-8FA4-93B0-074C4449A020}"
EndProject
Project("{FAE04EC0-301F-11D3-BF4B-00C04F79EFBC}") = "RoadArchitect", "RoadArchitect.Player.csproj", "{A1B5D564-EC94-5291-75FB-658E37C3B614}"
EndProject
Project("{FAE04EC0-301F-11D3-BF4B-00C04F79EFBC}") = "Unity.XR.Interaction.Toolkit.Samples.DeviceSimulator", "Unity.XR.Interaction.Toolkit.Samples.DeviceSimulator.Player.csproj", "{3404DB9E-10CF-17A9-CCAE-DA547404CC56}"
EndProject
Project("{FAE04EC0-301F-11D3-BF4B-00C04F79EFBC}") = "Unity.XR.Management", "Unity.XR.Management.Player.csproj", "{006DF2F8-1FF9-7972-2593-1363B3F999B6}"
EndProject
Project("{FAE04EC0-301F-11D3-BF4B-00C04F79EFBC}") = "UnityEngine.XR.LegacyInputHelpers", "UnityEngine.XR.LegacyInputHelpers.Player.csproj", "{DC2727C6-4AB6-3A13-7DED-00929C8EC463}"
EndProject
Project("{FAE04EC0-301F-11D3-BF4B-00C04F79EFBC}") = "Unity.XR.OpenXR.Features.ConformanceAutomation", "Unity.XR.OpenXR.Features.ConformanceAutomation.Player.csproj", "{537E5A25-A024-F5F0-F0F1-A3E469A0DAD1}"
EndProject
Project("{FAE04EC0-301F-11D3-BF4B-00C04F79EFBC}") = "Unity.XR.OpenXR.Features.MockRuntime", "Unity.XR.OpenXR.Features.MockRuntime.Player.csproj", "{39B3A540-5DD9-B8EB-C517-8418997D5D39}"
EndProject
Project("{FAE04EC0-301F-11D3-BF4B-00C04F79EFBC}") = "Unity.XR.OpenXR.Features.MetaQuestSupport", "Unity.XR.OpenXR.Features.MetaQuestSupport.Player.csproj", "{C3CAB710-46A8-AF2F-7A42-88AF98C6A169}"
EndProject
Project("{FAE04EC0-301F-11D3-BF4B-00C04F79EFBC}") = "Unity.RenderPipelines.ShaderGraph.ShaderGraphLibrary", "Unity.RenderPipelines.ShaderGraph.ShaderGraphLibrary.Player.csproj", "{02E0DE66-9D2B-4EBF-DAF4-5B656F831243}"
EndProject
Project("{FAE04EC0-301F-11D3-BF4B-00C04F79EFBC}") = "Unity.InputSystem.TestFramework", "Unity.InputSystem.TestFramework.Player.csproj", "{728AEAAD-7F0E-C39A-B506-EB91E3672763}"
EndProject
Project("{FAE04EC0-301F-11D3-BF4B-00C04F79EFBC}") = "Unity.RenderPipelines.Core.ShaderLibrary", "Unity.RenderPipelines.Core.ShaderLibrary.Player.csproj", "{C15C8B78-0884-6D2F-25A4-CEC305902E17}"
EndProject
Project("{FAE04EC0-301F-11D3-BF4B-00C04F79EFBC}") = "Unity.XR.OpenXR.Features.RuntimeDebugger", "Unity.XR.OpenXR.Features.RuntimeDebugger.Player.csproj", "{0A4F860D-63BC-5144-2181-551A28DEC26C}"
EndProject
Project("{FAE04EC0-301F-11D3-BF4B-00C04F79EFBC}") = "Unity.RenderPipelines.Universal.Shaders", "Unity.RenderPipelines.Universal.Shaders.Player.csproj", "{20DA2AC0-0B3D-741A-DA50-3EAFDADDCDB6}"
EndProject
Project("{FAE04EC0-301F-11D3-BF4B-00C04F79EFBC}") = "Unity.XR.OpenXR.Features.OculusQuestSupport", "Unity.XR.OpenXR.Features.OculusQuestSupport.Player.csproj", "{2269A539-E431-2D38-8313-06C294B87DCB}"
EndProject
Global
	GlobalSection(SolutionConfigurationPlatforms) = preSolution
		Debug|Any CPU = Debug|Any CPU
		Release|Any CPU = Release|Any CPU
	EndGlobalSection
	GlobalSection(ProjectConfigurationPlatforms) = postSolution
		{A1FA7AE3-B81A-47B1-34EF-E819B0AAD1C7}.Debug|Any CPU.ActiveCfg = Debug|Any CPU
		{A1FA7AE3-B81A-47B1-34EF-E819B0AAD1C7}.Debug|Any CPU.Build.0 = Debug|Any CPU
		{A1FA7AE3-B81A-47B1-34EF-E819B0AAD1C7}.Release|Any CPU.ActiveCfg = Release|Any CPU
		{A1FA7AE3-B81A-47B1-34EF-E819B0AAD1C7}.Release|Any CPU.Build.0 = Release|Any CPU
		{4696C53E-DFC0-6FED-D74F-ED2BBA549D62}.Debug|Any CPU.ActiveCfg = Debug|Any CPU
		{4696C53E-DFC0-6FED-D74F-ED2BBA549D62}.Debug|Any CPU.Build.0 = Debug|Any CPU
		{4696C53E-DFC0-6FED-D74F-ED2BBA549D62}.Release|Any CPU.ActiveCfg = Release|Any CPU
		{4696C53E-DFC0-6FED-D74F-ED2BBA549D62}.Release|Any CPU.Build.0 = Release|Any CPU
		{084D1AD6-DB5D-D8A5-0969-17EF34A4B05D}.Debug|Any CPU.ActiveCfg = Debug|Any CPU
		{084D1AD6-DB5D-D8A5-0969-17EF34A4B05D}.Debug|Any CPU.Build.0 = Debug|Any CPU
		{084D1AD6-DB5D-D8A5-0969-17EF34A4B05D}.Release|Any CPU.ActiveCfg = Release|Any CPU
		{084D1AD6-DB5D-D8A5-0969-17EF34A4B05D}.Release|Any CPU.Build.0 = Release|Any CPU
		{84C48FE9-C905-8016-B668-4AEB163DAD74}.Debug|Any CPU.ActiveCfg = Debug|Any CPU
		{84C48FE9-C905-8016-B668-4AEB163DAD74}.Debug|Any CPU.Build.0 = Debug|Any CPU
		{84C48FE9-C905-8016-B668-4AEB163DAD74}.Release|Any CPU.ActiveCfg = Release|Any CPU
		{84C48FE9-C905-8016-B668-4AEB163DAD74}.Release|Any CPU.Build.0 = Release|Any CPU
		{079600B0-B7ED-2620-9D8C-5B43BD439BAE}.Debug|Any CPU.ActiveCfg = Debug|Any CPU
		{079600B0-B7ED-2620-9D8C-5B43BD439BAE}.Debug|Any CPU.Build.0 = Debug|Any CPU
		{079600B0-B7ED-2620-9D8C-5B43BD439BAE}.Release|Any CPU.ActiveCfg = Release|Any CPU
		{079600B0-B7ED-2620-9D8C-5B43BD439BAE}.Release|Any CPU.Build.0 = Release|Any CPU
		{AF8F7843-94EA-6496-A33F-478A0A035058}.Debug|Any CPU.ActiveCfg = Debug|Any CPU
		{AF8F7843-94EA-6496-A33F-478A0A035058}.Debug|Any CPU.Build.0 = Debug|Any CPU
		{AF8F7843-94EA-6496-A33F-478A0A035058}.Release|Any CPU.ActiveCfg = Release|Any CPU
		{AF8F7843-94EA-6496-A33F-478A0A035058}.Release|Any CPU.Build.0 = Release|Any CPU
		{B669C993-828C-CDBC-D5B1-F3BBCDB67705}.Debug|Any CPU.ActiveCfg = Debug|Any CPU
		{B669C993-828C-CDBC-D5B1-F3BBCDB67705}.Debug|Any CPU.Build.0 = Debug|Any CPU
		{B669C993-828C-CDBC-D5B1-F3BBCDB67705}.Release|Any CPU.ActiveCfg = Release|Any CPU
		{B669C993-828C-CDBC-D5B1-F3BBCDB67705}.Release|Any CPU.Build.0 = Release|Any CPU
		{DD639BCD-A139-AB2C-1925-F29892A9FC32}.Debug|Any CPU.ActiveCfg = Debug|Any CPU
		{DD639BCD-A139-AB2C-1925-F29892A9FC32}.Debug|Any CPU.Build.0 = Debug|Any CPU
		{DD639BCD-A139-AB2C-1925-F29892A9FC32}.Release|Any CPU.ActiveCfg = Release|Any CPU
		{DD639BCD-A139-AB2C-1925-F29892A9FC32}.Release|Any CPU.Build.0 = Release|Any CPU
		{A605D310-3A9A-E0E9-34CD-61EF1A63E2BF}.Debug|Any CPU.ActiveCfg = Debug|Any CPU
		{A605D310-3A9A-E0E9-34CD-61EF1A63E2BF}.Debug|Any CPU.Build.0 = Debug|Any CPU
		{A605D310-3A9A-E0E9-34CD-61EF1A63E2BF}.Release|Any CPU.ActiveCfg = Release|Any CPU
		{A605D310-3A9A-E0E9-34CD-61EF1A63E2BF}.Release|Any CPU.Build.0 = Release|Any CPU
		{557D0119-2812-67FE-754C-BF3E4956DB8E}.Debug|Any CPU.ActiveCfg = Debug|Any CPU
		{557D0119-2812-67FE-754C-BF3E4956DB8E}.Debug|Any CPU.Build.0 = Debug|Any CPU
		{557D0119-2812-67FE-754C-BF3E4956DB8E}.Release|Any CPU.ActiveCfg = Release|Any CPU
		{557D0119-2812-67FE-754C-BF3E4956DB8E}.Release|Any CPU.Build.0 = Release|Any CPU
		{028CA926-CC11-D177-569C-ACC36FE16474}.Debug|Any CPU.ActiveCfg = Debug|Any CPU
		{028CA926-CC11-D177-569C-ACC36FE16474}.Debug|Any CPU.Build.0 = Debug|Any CPU
		{028CA926-CC11-D177-569C-ACC36FE16474}.Release|Any CPU.ActiveCfg = Release|Any CPU
		{028CA926-CC11-D177-569C-ACC36FE16474}.Release|Any CPU.Build.0 = Release|Any CPU
		{2DCDD026-D5F3-8F1D-BC51-CDC773F382FB}.Debug|Any CPU.ActiveCfg = Debug|Any CPU
		{2DCDD026-D5F3-8F1D-BC51-CDC773F382FB}.Debug|Any CPU.Build.0 = Debug|Any CPU
		{2DCDD026-D5F3-8F1D-BC51-CDC773F382FB}.Release|Any CPU.ActiveCfg = Release|Any CPU
		{2DCDD026-D5F3-8F1D-BC51-CDC773F382FB}.Release|Any CPU.Build.0 = Release|Any CPU
		{D7D3D45F-A27A-B96E-F32A-DCB2CECDEC11}.Debug|Any CPU.ActiveCfg = Debug|Any CPU
		{D7D3D45F-A27A-B96E-F32A-DCB2CECDEC11}.Debug|Any CPU.Build.0 = Debug|Any CPU
		{D7D3D45F-A27A-B96E-F32A-DCB2CECDEC11}.Release|Any CPU.ActiveCfg = Release|Any CPU
		{D7D3D45F-A27A-B96E-F32A-DCB2CECDEC11}.Release|Any CPU.Build.0 = Release|Any CPU
		{62604D3F-6857-E4F3-7884-4CF8512450E2}.Debug|Any CPU.ActiveCfg = Debug|Any CPU
		{62604D3F-6857-E4F3-7884-4CF8512450E2}.Debug|Any CPU.Build.0 = Debug|Any CPU
		{62604D3F-6857-E4F3-7884-4CF8512450E2}.Release|Any CPU.ActiveCfg = Release|Any CPU
		{62604D3F-6857-E4F3-7884-4CF8512450E2}.Release|Any CPU.Build.0 = Release|Any CPU
		{19B7525B-F2F2-138D-B06E-C72C904A1A33}.Debug|Any CPU.ActiveCfg = Debug|Any CPU
		{19B7525B-F2F2-138D-B06E-C72C904A1A33}.Debug|Any CPU.Build.0 = Debug|Any CPU
		{19B7525B-F2F2-138D-B06E-C72C904A1A33}.Release|Any CPU.ActiveCfg = Release|Any CPU
		{19B7525B-F2F2-138D-B06E-C72C904A1A33}.Release|Any CPU.Build.0 = Release|Any CPU
		{26D6776F-403E-A7BF-D22A-3BAFD074EC4C}.Debug|Any CPU.ActiveCfg = Debug|Any CPU
		{26D6776F-403E-A7BF-D22A-3BAFD074EC4C}.Debug|Any CPU.Build.0 = Debug|Any CPU
		{26D6776F-403E-A7BF-D22A-3BAFD074EC4C}.Release|Any CPU.ActiveCfg = Release|Any CPU
		{26D6776F-403E-A7BF-D22A-3BAFD074EC4C}.Release|Any CPU.Build.0 = Release|Any CPU
		{BB6CB315-99C0-BBE9-1582-BAF162BCC6CE}.Debug|Any CPU.ActiveCfg = Debug|Any CPU
		{BB6CB315-99C0-BBE9-1582-BAF162BCC6CE}.Debug|Any CPU.Build.0 = Debug|Any CPU
		{BB6CB315-99C0-BBE9-1582-BAF162BCC6CE}.Release|Any CPU.ActiveCfg = Release|Any CPU
		{BB6CB315-99C0-BBE9-1582-BAF162BCC6CE}.Release|Any CPU.Build.0 = Release|Any CPU
		{9AD419D3-FFE3-F21D-2DF3-09C5446D9C09}.Debug|Any CPU.ActiveCfg = Debug|Any CPU
		{9AD419D3-FFE3-F21D-2DF3-09C5446D9C09}.Debug|Any CPU.Build.0 = Debug|Any CPU
		{9AD419D3-FFE3-F21D-2DF3-09C5446D9C09}.Release|Any CPU.ActiveCfg = Release|Any CPU
		{9AD419D3-FFE3-F21D-2DF3-09C5446D9C09}.Release|Any CPU.Build.0 = Release|Any CPU
		{436FA9EE-A2F5-3001-1143-06871CA79CB8}.Debug|Any CPU.ActiveCfg = Debug|Any CPU
		{436FA9EE-A2F5-3001-1143-06871CA79CB8}.Debug|Any CPU.Build.0 = Debug|Any CPU
		{436FA9EE-A2F5-3001-1143-06871CA79CB8}.Release|Any CPU.ActiveCfg = Release|Any CPU
		{436FA9EE-A2F5-3001-1143-06871CA79CB8}.Release|Any CPU.Build.0 = Release|Any CPU
		{640028D4-C273-8768-6E02-FD1AA0B0912C}.Debug|Any CPU.ActiveCfg = Debug|Any CPU
		{640028D4-C273-8768-6E02-FD1AA0B0912C}.Debug|Any CPU.Build.0 = Debug|Any CPU
		{640028D4-C273-8768-6E02-FD1AA0B0912C}.Release|Any CPU.ActiveCfg = Release|Any CPU
		{640028D4-C273-8768-6E02-FD1AA0B0912C}.Release|Any CPU.Build.0 = Release|Any CPU
		{437ABAE3-E960-5CF7-BCF6-D8AA2BF0F807}.Debug|Any CPU.ActiveCfg = Debug|Any CPU
		{437ABAE3-E960-5CF7-BCF6-D8AA2BF0F807}.Debug|Any CPU.Build.0 = Debug|Any CPU
		{437ABAE3-E960-5CF7-BCF6-D8AA2BF0F807}.Release|Any CPU.ActiveCfg = Release|Any CPU
		{437ABAE3-E960-5CF7-BCF6-D8AA2BF0F807}.Release|Any CPU.Build.0 = Release|Any CPU
		{1A4E116D-9988-9335-4BC8-D65EC92AC120}.Debug|Any CPU.ActiveCfg = Debug|Any CPU
		{1A4E116D-9988-9335-4BC8-D65EC92AC120}.Debug|Any CPU.Build.0 = Debug|Any CPU
		{1A4E116D-9988-9335-4BC8-D65EC92AC120}.Release|Any CPU.ActiveCfg = Release|Any CPU
		{1A4E116D-9988-9335-4BC8-D65EC92AC120}.Release|Any CPU.Build.0 = Release|Any CPU
		{87D4162F-741F-0AC2-4147-F2C40892CDCD}.Debug|Any CPU.ActiveCfg = Debug|Any CPU
		{87D4162F-741F-0AC2-4147-F2C40892CDCD}.Debug|Any CPU.Build.0 = Debug|Any CPU
		{87D4162F-741F-0AC2-4147-F2C40892CDCD}.Release|Any CPU.ActiveCfg = Release|Any CPU
		{87D4162F-741F-0AC2-4147-F2C40892CDCD}.Release|Any CPU.Build.0 = Release|Any CPU
		{B4151825-B91D-2D0C-F91F-B7EDF4185C64}.Debug|Any CPU.ActiveCfg = Debug|Any CPU
		{B4151825-B91D-2D0C-F91F-B7EDF4185C64}.Debug|Any CPU.Build.0 = Debug|Any CPU
		{B4151825-B91D-2D0C-F91F-B7EDF4185C64}.Release|Any CPU.ActiveCfg = Release|Any CPU
		{B4151825-B91D-2D0C-F91F-B7EDF4185C64}.Release|Any CPU.Build.0 = Release|Any CPU
		{7D46C511-FBC8-4CEC-4F22-8FB3A3B04639}.Debug|Any CPU.ActiveCfg = Debug|Any CPU
		{7D46C511-FBC8-4CEC-4F22-8FB3A3B04639}.Debug|Any CPU.Build.0 = Debug|Any CPU
		{7D46C511-FBC8-4CEC-4F22-8FB3A3B04639}.Release|Any CPU.ActiveCfg = Release|Any CPU
		{7D46C511-FBC8-4CEC-4F22-8FB3A3B04639}.Release|Any CPU.Build.0 = Release|Any CPU
		{E770923B-ED1B-4B70-1447-7541A0FD5654}.Debug|Any CPU.ActiveCfg = Debug|Any CPU
		{E770923B-ED1B-4B70-1447-7541A0FD5654}.Debug|Any CPU.Build.0 = Debug|Any CPU
		{E770923B-ED1B-4B70-1447-7541A0FD5654}.Release|Any CPU.ActiveCfg = Release|Any CPU
		{E770923B-ED1B-4B70-1447-7541A0FD5654}.Release|Any CPU.Build.0 = Release|Any CPU
		{04E28E27-361D-BCEC-24E5-BABCA43A8F4D}.Debug|Any CPU.ActiveCfg = Debug|Any CPU
		{04E28E27-361D-BCEC-24E5-BABCA43A8F4D}.Debug|Any CPU.Build.0 = Debug|Any CPU
		{04E28E27-361D-BCEC-24E5-BABCA43A8F4D}.Release|Any CPU.ActiveCfg = Release|Any CPU
		{04E28E27-361D-BCEC-24E5-BABCA43A8F4D}.Release|Any CPU.Build.0 = Release|Any CPU
		{1840FCAB-EBCC-F8B0-82BF-430D842989ED}.Debug|Any CPU.ActiveCfg = Debug|Any CPU
		{1840FCAB-EBCC-F8B0-82BF-430D842989ED}.Debug|Any CPU.Build.0 = Debug|Any CPU
		{1840FCAB-EBCC-F8B0-82BF-430D842989ED}.Release|Any CPU.ActiveCfg = Release|Any CPU
		{1840FCAB-EBCC-F8B0-82BF-430D842989ED}.Release|Any CPU.Build.0 = Release|Any CPU
		{853EE6C7-5437-63F8-6485-C33B60DD9D73}.Debug|Any CPU.ActiveCfg = Debug|Any CPU
		{853EE6C7-5437-63F8-6485-C33B60DD9D73}.Debug|Any CPU.Build.0 = Debug|Any CPU
		{853EE6C7-5437-63F8-6485-C33B60DD9D73}.Release|Any CPU.ActiveCfg = Release|Any CPU
		{853EE6C7-5437-63F8-6485-C33B60DD9D73}.Release|Any CPU.Build.0 = Release|Any CPU
		{54DD52C0-5813-902A-0C8D-8772F4D02141}.Debug|Any CPU.ActiveCfg = Debug|Any CPU
		{54DD52C0-5813-902A-0C8D-8772F4D02141}.Debug|Any CPU.Build.0 = Debug|Any CPU
		{54DD52C0-5813-902A-0C8D-8772F4D02141}.Release|Any CPU.ActiveCfg = Release|Any CPU
		{54DD52C0-5813-902A-0C8D-8772F4D02141}.Release|Any CPU.Build.0 = Release|Any CPU
		{1BC46AF3-DD4D-5B30-A6EA-B5509FA1A287}.Debug|Any CPU.ActiveCfg = Debug|Any CPU
		{1BC46AF3-DD4D-5B30-A6EA-B5509FA1A287}.Debug|Any CPU.Build.0 = Debug|Any CPU
		{1BC46AF3-DD4D-5B30-A6EA-B5509FA1A287}.Release|Any CPU.ActiveCfg = Release|Any CPU
		{1BC46AF3-DD4D-5B30-A6EA-B5509FA1A287}.Release|Any CPU.Build.0 = Release|Any CPU
		{9CE6B38B-0AE4-FFFB-CE89-E23A2F589CBC}.Debug|Any CPU.ActiveCfg = Debug|Any CPU
		{9CE6B38B-0AE4-FFFB-CE89-E23A2F589CBC}.Debug|Any CPU.Build.0 = Debug|Any CPU
		{9CE6B38B-0AE4-FFFB-CE89-E23A2F589CBC}.Release|Any CPU.ActiveCfg = Release|Any CPU
		{9CE6B38B-0AE4-FFFB-CE89-E23A2F589CBC}.Release|Any CPU.Build.0 = Release|Any CPU
		{30330BDC-F56C-E719-2C12-9229C4CC1439}.Debug|Any CPU.ActiveCfg = Debug|Any CPU
		{30330BDC-F56C-E719-2C12-9229C4CC1439}.Debug|Any CPU.Build.0 = Debug|Any CPU
		{30330BDC-F56C-E719-2C12-9229C4CC1439}.Release|Any CPU.ActiveCfg = Release|Any CPU
		{30330BDC-F56C-E719-2C12-9229C4CC1439}.Release|Any CPU.Build.0 = Release|Any CPU
		{3B24DB89-3302-4B49-7073-2114EBF9D241}.Debug|Any CPU.ActiveCfg = Debug|Any CPU
		{3B24DB89-3302-4B49-7073-2114EBF9D241}.Debug|Any CPU.Build.0 = Debug|Any CPU
		{3B24DB89-3302-4B49-7073-2114EBF9D241}.Release|Any CPU.ActiveCfg = Release|Any CPU
		{3B24DB89-3302-4B49-7073-2114EBF9D241}.Release|Any CPU.Build.0 = Release|Any CPU
		{6E8C2956-BDD3-5548-B447-0BD65E9CCF1D}.Debug|Any CPU.ActiveCfg = Debug|Any CPU
		{6E8C2956-BDD3-5548-B447-0BD65E9CCF1D}.Debug|Any CPU.Build.0 = Debug|Any CPU
		{6E8C2956-BDD3-5548-B447-0BD65E9CCF1D}.Release|Any CPU.ActiveCfg = Release|Any CPU
		{6E8C2956-BDD3-5548-B447-0BD65E9CCF1D}.Release|Any CPU.Build.0 = Release|Any CPU
		{8ACFB0E9-6825-0396-B35C-819807BB7244}.Debug|Any CPU.ActiveCfg = Debug|Any CPU
		{8ACFB0E9-6825-0396-B35C-819807BB7244}.Debug|Any CPU.Build.0 = Debug|Any CPU
		{8ACFB0E9-6825-0396-B35C-819807BB7244}.Release|Any CPU.ActiveCfg = Release|Any CPU
		{8ACFB0E9-6825-0396-B35C-819807BB7244}.Release|Any CPU.Build.0 = Release|Any CPU
		{70F8E8AD-3642-1AC4-D34E-603375D5BF41}.Debug|Any CPU.ActiveCfg = Debug|Any CPU
		{70F8E8AD-3642-1AC4-D34E-603375D5BF41}.Debug|Any CPU.Build.0 = Debug|Any CPU
		{70F8E8AD-3642-1AC4-D34E-603375D5BF41}.Release|Any CPU.ActiveCfg = Release|Any CPU
		{70F8E8AD-3642-1AC4-D34E-603375D5BF41}.Release|Any CPU.Build.0 = Release|Any CPU
		{5EE9B137-865F-1E8D-E270-183E1607A740}.Debug|Any CPU.ActiveCfg = Debug|Any CPU
		{5EE9B137-865F-1E8D-E270-183E1607A740}.Debug|Any CPU.Build.0 = Debug|Any CPU
		{5EE9B137-865F-1E8D-E270-183E1607A740}.Release|Any CPU.ActiveCfg = Release|Any CPU
		{5EE9B137-865F-1E8D-E270-183E1607A740}.Release|Any CPU.Build.0 = Release|Any CPU
		{5D1AB810-F8C0-22E5-47D0-F749F38252E9}.Debug|Any CPU.ActiveCfg = Debug|Any CPU
		{5D1AB810-F8C0-22E5-47D0-F749F38252E9}.Debug|Any CPU.Build.0 = Debug|Any CPU
		{5D1AB810-F8C0-22E5-47D0-F749F38252E9}.Release|Any CPU.ActiveCfg = Release|Any CPU
		{5D1AB810-F8C0-22E5-47D0-F749F38252E9}.Release|Any CPU.Build.0 = Release|Any CPU
		{27A24862-CDA4-7E85-F545-446FEB732CBF}.Debug|Any CPU.ActiveCfg = Debug|Any CPU
		{27A24862-CDA4-7E85-F545-446FEB732CBF}.Debug|Any CPU.Build.0 = Debug|Any CPU
		{27A24862-CDA4-7E85-F545-446FEB732CBF}.Release|Any CPU.ActiveCfg = Release|Any CPU
		{27A24862-CDA4-7E85-F545-446FEB732CBF}.Release|Any CPU.Build.0 = Release|Any CPU
		{79FB93E5-C49C-1212-5F0A-D7DB8DE9639F}.Debug|Any CPU.ActiveCfg = Debug|Any CPU
		{79FB93E5-C49C-1212-5F0A-D7DB8DE9639F}.Debug|Any CPU.Build.0 = Debug|Any CPU
		{79FB93E5-C49C-1212-5F0A-D7DB8DE9639F}.Release|Any CPU.ActiveCfg = Release|Any CPU
		{79FB93E5-C49C-1212-5F0A-D7DB8DE9639F}.Release|Any CPU.Build.0 = Release|Any CPU
		{81CD26E1-EF9B-CEA8-FF94-F42EB5CB6C68}.Debug|Any CPU.ActiveCfg = Debug|Any CPU
		{81CD26E1-EF9B-CEA8-FF94-F42EB5CB6C68}.Debug|Any CPU.Build.0 = Debug|Any CPU
		{81CD26E1-EF9B-CEA8-FF94-F42EB5CB6C68}.Release|Any CPU.ActiveCfg = Release|Any CPU
		{81CD26E1-EF9B-CEA8-FF94-F42EB5CB6C68}.Release|Any CPU.Build.0 = Release|Any CPU
		{82275443-1B1E-EF19-B44D-9391C107A65C}.Debug|Any CPU.ActiveCfg = Debug|Any CPU
		{82275443-1B1E-EF19-B44D-9391C107A65C}.Debug|Any CPU.Build.0 = Debug|Any CPU
		{82275443-1B1E-EF19-B44D-9391C107A65C}.Release|Any CPU.ActiveCfg = Release|Any CPU
		{82275443-1B1E-EF19-B44D-9391C107A65C}.Release|Any CPU.Build.0 = Release|Any CPU
		{2B1F2591-ADD9-9A86-0AA6-AB8A2AAA3DDE}.Debug|Any CPU.ActiveCfg = Debug|Any CPU
		{2B1F2591-ADD9-9A86-0AA6-AB8A2AAA3DDE}.Debug|Any CPU.Build.0 = Debug|Any CPU
		{2B1F2591-ADD9-9A86-0AA6-AB8A2AAA3DDE}.Release|Any CPU.ActiveCfg = Release|Any CPU
		{2B1F2591-ADD9-9A86-0AA6-AB8A2AAA3DDE}.Release|Any CPU.Build.0 = Release|Any CPU
		{EB1A6368-5044-F4E7-A74A-09933CD58A94}.Debug|Any CPU.ActiveCfg = Debug|Any CPU
		{EB1A6368-5044-F4E7-A74A-09933CD58A94}.Debug|Any CPU.Build.0 = Debug|Any CPU
		{EB1A6368-5044-F4E7-A74A-09933CD58A94}.Release|Any CPU.ActiveCfg = Release|Any CPU
		{EB1A6368-5044-F4E7-A74A-09933CD58A94}.Release|Any CPU.Build.0 = Release|Any CPU
		{12CF5290-B125-3480-CF7D-200D35524626}.Debug|Any CPU.ActiveCfg = Debug|Any CPU
		{12CF5290-B125-3480-CF7D-200D35524626}.Debug|Any CPU.Build.0 = Debug|Any CPU
		{12CF5290-B125-3480-CF7D-200D35524626}.Release|Any CPU.ActiveCfg = Release|Any CPU
		{12CF5290-B125-3480-CF7D-200D35524626}.Release|Any CPU.Build.0 = Release|Any CPU
		{EAA35E38-A316-5FA4-C991-4B470ADF2B9A}.Debug|Any CPU.ActiveCfg = Debug|Any CPU
		{EAA35E38-A316-5FA4-C991-4B470ADF2B9A}.Debug|Any CPU.Build.0 = Debug|Any CPU
		{EAA35E38-A316-5FA4-C991-4B470ADF2B9A}.Release|Any CPU.ActiveCfg = Release|Any CPU
		{EAA35E38-A316-5FA4-C991-4B470ADF2B9A}.Release|Any CPU.Build.0 = Release|Any CPU
		{DB96F4F6-12E8-7D18-FB81-41A54A474A5F}.Debug|Any CPU.ActiveCfg = Debug|Any CPU
		{DB96F4F6-12E8-7D18-FB81-41A54A474A5F}.Debug|Any CPU.Build.0 = Debug|Any CPU
		{DB96F4F6-12E8-7D18-FB81-41A54A474A5F}.Release|Any CPU.ActiveCfg = Release|Any CPU
		{DB96F4F6-12E8-7D18-FB81-41A54A474A5F}.Release|Any CPU.Build.0 = Release|Any CPU
		{DE1D705E-082A-F9EA-1B97-CC9F78FB2701}.Debug|Any CPU.ActiveCfg = Debug|Any CPU
		{DE1D705E-082A-F9EA-1B97-CC9F78FB2701}.Debug|Any CPU.Build.0 = Debug|Any CPU
		{DE1D705E-082A-F9EA-1B97-CC9F78FB2701}.Release|Any CPU.ActiveCfg = Release|Any CPU
		{DE1D705E-082A-F9EA-1B97-CC9F78FB2701}.Release|Any CPU.Build.0 = Release|Any CPU
		{E8223975-257C-2F82-7E23-14A40901B42C}.Debug|Any CPU.ActiveCfg = Debug|Any CPU
		{E8223975-257C-2F82-7E23-14A40901B42C}.Debug|Any CPU.Build.0 = Debug|Any CPU
		{E8223975-257C-2F82-7E23-14A40901B42C}.Release|Any CPU.ActiveCfg = Release|Any CPU
		{E8223975-257C-2F82-7E23-14A40901B42C}.Release|Any CPU.Build.0 = Release|Any CPU
		{57C7A691-1E67-CE53-DE15-D5D2669819EE}.Debug|Any CPU.ActiveCfg = Debug|Any CPU
		{57C7A691-1E67-CE53-DE15-D5D2669819EE}.Debug|Any CPU.Build.0 = Debug|Any CPU
		{57C7A691-1E67-CE53-DE15-D5D2669819EE}.Release|Any CPU.ActiveCfg = Release|Any CPU
		{57C7A691-1E67-CE53-DE15-D5D2669819EE}.Release|Any CPU.Build.0 = Release|Any CPU
		{8458CFC5-E055-2317-8A25-BCBF7F3E31A0}.Debug|Any CPU.ActiveCfg = Debug|Any CPU
		{8458CFC5-E055-2317-8A25-BCBF7F3E31A0}.Debug|Any CPU.Build.0 = Debug|Any CPU
		{8458CFC5-E055-2317-8A25-BCBF7F3E31A0}.Release|Any CPU.ActiveCfg = Release|Any CPU
		{8458CFC5-E055-2317-8A25-BCBF7F3E31A0}.Release|Any CPU.Build.0 = Release|Any CPU
		{CD858541-AC0C-80F3-1223-F2614883DE9E}.Debug|Any CPU.ActiveCfg = Debug|Any CPU
		{CD858541-AC0C-80F3-1223-F2614883DE9E}.Debug|Any CPU.Build.0 = Debug|Any CPU
		{CD858541-AC0C-80F3-1223-F2614883DE9E}.Release|Any CPU.ActiveCfg = Release|Any CPU
		{CD858541-AC0C-80F3-1223-F2614883DE9E}.Release|Any CPU.Build.0 = Release|Any CPU
		{54B0FD6A-5FC9-81E1-7C94-5B8F48A25A1E}.Debug|Any CPU.ActiveCfg = Debug|Any CPU
		{54B0FD6A-5FC9-81E1-7C94-5B8F48A25A1E}.Debug|Any CPU.Build.0 = Debug|Any CPU
		{54B0FD6A-5FC9-81E1-7C94-5B8F48A25A1E}.Release|Any CPU.ActiveCfg = Release|Any CPU
		{54B0FD6A-5FC9-81E1-7C94-5B8F48A25A1E}.Release|Any CPU.Build.0 = Release|Any CPU
		{2C3E4C93-5368-8D4D-C8EF-30DD572CABDE}.Debug|Any CPU.ActiveCfg = Debug|Any CPU
		{2C3E4C93-5368-8D4D-C8EF-30DD572CABDE}.Debug|Any CPU.Build.0 = Debug|Any CPU
		{2C3E4C93-5368-8D4D-C8EF-30DD572CABDE}.Release|Any CPU.ActiveCfg = Release|Any CPU
		{2C3E4C93-5368-8D4D-C8EF-30DD572CABDE}.Release|Any CPU.Build.0 = Release|Any CPU
		{6F388981-B050-2190-6478-DB7B55938748}.Debug|Any CPU.ActiveCfg = Debug|Any CPU
		{6F388981-B050-2190-6478-DB7B55938748}.Debug|Any CPU.Build.0 = Debug|Any CPU
		{6F388981-B050-2190-6478-DB7B55938748}.Release|Any CPU.ActiveCfg = Release|Any CPU
		{6F388981-B050-2190-6478-DB7B55938748}.Release|Any CPU.Build.0 = Release|Any CPU
		{DD3210AE-A8DC-8824-DD1E-7803E2347046}.Debug|Any CPU.ActiveCfg = Debug|Any CPU
		{DD3210AE-A8DC-8824-DD1E-7803E2347046}.Debug|Any CPU.Build.0 = Debug|Any CPU
		{DD3210AE-A8DC-8824-DD1E-7803E2347046}.Release|Any CPU.ActiveCfg = Release|Any CPU
		{DD3210AE-A8DC-8824-DD1E-7803E2347046}.Release|Any CPU.Build.0 = Release|Any CPU
		{193FFD06-38F5-54B3-54E3-B8111320042D}.Debug|Any CPU.ActiveCfg = Debug|Any CPU
		{193FFD06-38F5-54B3-54E3-B8111320042D}.Debug|Any CPU.Build.0 = Debug|Any CPU
		{193FFD06-38F5-54B3-54E3-B8111320042D}.Release|Any CPU.ActiveCfg = Release|Any CPU
		{193FFD06-38F5-54B3-54E3-B8111320042D}.Release|Any CPU.Build.0 = Release|Any CPU
		{5BF08D58-51D9-A4DA-13D0-373F2C44E74D}.Debug|Any CPU.ActiveCfg = Debug|Any CPU
		{5BF08D58-51D9-A4DA-13D0-373F2C44E74D}.Debug|Any CPU.Build.0 = Debug|Any CPU
		{5BF08D58-51D9-A4DA-13D0-373F2C44E74D}.Release|Any CPU.ActiveCfg = Release|Any CPU
		{5BF08D58-51D9-A4DA-13D0-373F2C44E74D}.Release|Any CPU.Build.0 = Release|Any CPU
		{58D70519-C60E-C863-30B2-DD6974E9F0F8}.Debug|Any CPU.ActiveCfg = Debug|Any CPU
		{58D70519-C60E-C863-30B2-DD6974E9F0F8}.Debug|Any CPU.Build.0 = Debug|Any CPU
		{58D70519-C60E-C863-30B2-DD6974E9F0F8}.Release|Any CPU.ActiveCfg = Release|Any CPU
		{58D70519-C60E-C863-30B2-DD6974E9F0F8}.Release|Any CPU.Build.0 = Release|Any CPU
		{3F1F49D7-B800-104B-8B51-2DDC47092662}.Debug|Any CPU.ActiveCfg = Debug|Any CPU
		{3F1F49D7-B800-104B-8B51-2DDC47092662}.Debug|Any CPU.Build.0 = Debug|Any CPU
		{3F1F49D7-B800-104B-8B51-2DDC47092662}.Release|Any CPU.ActiveCfg = Release|Any CPU
		{3F1F49D7-B800-104B-8B51-2DDC47092662}.Release|Any CPU.Build.0 = Release|Any CPU
		{4D00D17D-72C5-D6E6-ED7E-BCB2A84BF2CD}.Debug|Any CPU.ActiveCfg = Debug|Any CPU
		{4D00D17D-72C5-D6E6-ED7E-BCB2A84BF2CD}.Debug|Any CPU.Build.0 = Debug|Any CPU
		{4D00D17D-72C5-D6E6-ED7E-BCB2A84BF2CD}.Release|Any CPU.ActiveCfg = Release|Any CPU
		{4D00D17D-72C5-D6E6-ED7E-BCB2A84BF2CD}.Release|Any CPU.Build.0 = Release|Any CPU
		{4BE390ED-7ADC-44ED-D6C2-F822E4075C0B}.Debug|Any CPU.ActiveCfg = Debug|Any CPU
		{4BE390ED-7ADC-44ED-D6C2-F822E4075C0B}.Debug|Any CPU.Build.0 = Debug|Any CPU
		{4BE390ED-7ADC-44ED-D6C2-F822E4075C0B}.Release|Any CPU.ActiveCfg = Release|Any CPU
		{4BE390ED-7ADC-44ED-D6C2-F822E4075C0B}.Release|Any CPU.Build.0 = Release|Any CPU
		{84647960-ECF1-B731-0B65-4117A81578CC}.Debug|Any CPU.ActiveCfg = Debug|Any CPU
		{84647960-ECF1-B731-0B65-4117A81578CC}.Debug|Any CPU.Build.0 = Debug|Any CPU
		{84647960-ECF1-B731-0B65-4117A81578CC}.Release|Any CPU.ActiveCfg = Release|Any CPU
		{84647960-ECF1-B731-0B65-4117A81578CC}.Release|Any CPU.Build.0 = Release|Any CPU
		{0E5CEA18-89E6-132A-C5C0-BC6ED1E53E1A}.Debug|Any CPU.ActiveCfg = Debug|Any CPU
		{0E5CEA18-89E6-132A-C5C0-BC6ED1E53E1A}.Debug|Any CPU.Build.0 = Debug|Any CPU
		{0E5CEA18-89E6-132A-C5C0-BC6ED1E53E1A}.Release|Any CPU.ActiveCfg = Release|Any CPU
		{0E5CEA18-89E6-132A-C5C0-BC6ED1E53E1A}.Release|Any CPU.Build.0 = Release|Any CPU
		{FCDA61AB-3039-FC5C-2EE7-5478E93FBF94}.Debug|Any CPU.ActiveCfg = Debug|Any CPU
		{FCDA61AB-3039-FC5C-2EE7-5478E93FBF94}.Debug|Any CPU.Build.0 = Debug|Any CPU
		{FCDA61AB-3039-FC5C-2EE7-5478E93FBF94}.Release|Any CPU.ActiveCfg = Release|Any CPU
		{FCDA61AB-3039-FC5C-2EE7-5478E93FBF94}.Release|Any CPU.Build.0 = Release|Any CPU
		{80046BB5-E437-10BF-2487-32DAAECB3F10}.Debug|Any CPU.ActiveCfg = Debug|Any CPU
		{80046BB5-E437-10BF-2487-32DAAECB3F10}.Debug|Any CPU.Build.0 = Debug|Any CPU
		{80046BB5-E437-10BF-2487-32DAAECB3F10}.Release|Any CPU.ActiveCfg = Release|Any CPU
		{80046BB5-E437-10BF-2487-32DAAECB3F10}.Release|Any CPU.Build.0 = Release|Any CPU
		{0B1A5D64-AAF5-16BF-4205-B6797FB4F19B}.Debug|Any CPU.ActiveCfg = Debug|Any CPU
		{0B1A5D64-AAF5-16BF-4205-B6797FB4F19B}.Debug|Any CPU.Build.0 = Debug|Any CPU
		{0B1A5D64-AAF5-16BF-4205-B6797FB4F19B}.Release|Any CPU.ActiveCfg = Release|Any CPU
		{0B1A5D64-AAF5-16BF-4205-B6797FB4F19B}.Release|Any CPU.Build.0 = Release|Any CPU
		{F4742C08-953E-14BD-3F6C-D4E439E682E2}.Debug|Any CPU.ActiveCfg = Debug|Any CPU
		{F4742C08-953E-14BD-3F6C-D4E439E682E2}.Debug|Any CPU.Build.0 = Debug|Any CPU
		{F4742C08-953E-14BD-3F6C-D4E439E682E2}.Release|Any CPU.ActiveCfg = Release|Any CPU
		{F4742C08-953E-14BD-3F6C-D4E439E682E2}.Release|Any CPU.Build.0 = Release|Any CPU
		{723EF0D2-666D-3AA7-0AC4-0F5193AF5135}.Debug|Any CPU.ActiveCfg = Debug|Any CPU
		{723EF0D2-666D-3AA7-0AC4-0F5193AF5135}.Debug|Any CPU.Build.0 = Debug|Any CPU
		{723EF0D2-666D-3AA7-0AC4-0F5193AF5135}.Release|Any CPU.ActiveCfg = Release|Any CPU
		{723EF0D2-666D-3AA7-0AC4-0F5193AF5135}.Release|Any CPU.Build.0 = Release|Any CPU
		{B154DD04-1BF7-9AD6-44F2-59E0E1047347}.Debug|Any CPU.ActiveCfg = Debug|Any CPU
		{B154DD04-1BF7-9AD6-44F2-59E0E1047347}.Debug|Any CPU.Build.0 = Debug|Any CPU
		{B154DD04-1BF7-9AD6-44F2-59E0E1047347}.Release|Any CPU.ActiveCfg = Release|Any CPU
		{B154DD04-1BF7-9AD6-44F2-59E0E1047347}.Release|Any CPU.Build.0 = Release|Any CPU
		{AA28CD47-1616-D962-0EE8-467220B8874D}.Debug|Any CPU.ActiveCfg = Debug|Any CPU
		{AA28CD47-1616-D962-0EE8-467220B8874D}.Debug|Any CPU.Build.0 = Debug|Any CPU
		{AA28CD47-1616-D962-0EE8-467220B8874D}.Release|Any CPU.ActiveCfg = Release|Any CPU
		{AA28CD47-1616-D962-0EE8-467220B8874D}.Release|Any CPU.Build.0 = Release|Any CPU
		{4E8E084A-8FAD-D809-DBD0-7BCA48D7C459}.Debug|Any CPU.ActiveCfg = Debug|Any CPU
		{4E8E084A-8FAD-D809-DBD0-7BCA48D7C459}.Debug|Any CPU.Build.0 = Debug|Any CPU
		{4E8E084A-8FAD-D809-DBD0-7BCA48D7C459}.Release|Any CPU.ActiveCfg = Release|Any CPU
		{4E8E084A-8FAD-D809-DBD0-7BCA48D7C459}.Release|Any CPU.Build.0 = Release|Any CPU
		{D97B1866-EC2D-2704-DE41-BAA0D9EBF810}.Debug|Any CPU.ActiveCfg = Debug|Any CPU
		{D97B1866-EC2D-2704-DE41-BAA0D9EBF810}.Debug|Any CPU.Build.0 = Debug|Any CPU
		{D97B1866-EC2D-2704-DE41-BAA0D9EBF810}.Release|Any CPU.ActiveCfg = Release|Any CPU
		{D97B1866-EC2D-2704-DE41-BAA0D9EBF810}.Release|Any CPU.Build.0 = Release|Any CPU
		{40A17B45-FB7C-78AC-D720-E0C1614440E6}.Debug|Any CPU.ActiveCfg = Debug|Any CPU
		{40A17B45-FB7C-78AC-D720-E0C1614440E6}.Debug|Any CPU.Build.0 = Debug|Any CPU
		{40A17B45-FB7C-78AC-D720-E0C1614440E6}.Release|Any CPU.ActiveCfg = Release|Any CPU
		{40A17B45-FB7C-78AC-D720-E0C1614440E6}.Release|Any CPU.Build.0 = Release|Any CPU
		{6D035D26-8AA8-7120-FE2A-BB53A042FB01}.Debug|Any CPU.ActiveCfg = Debug|Any CPU
		{6D035D26-8AA8-7120-FE2A-BB53A042FB01}.Debug|Any CPU.Build.0 = Debug|Any CPU
		{6D035D26-8AA8-7120-FE2A-BB53A042FB01}.Release|Any CPU.ActiveCfg = Release|Any CPU
		{6D035D26-8AA8-7120-FE2A-BB53A042FB01}.Release|Any CPU.Build.0 = Release|Any CPU
		{DE845299-000E-D692-ED52-432B87AF1E28}.Debug|Any CPU.ActiveCfg = Debug|Any CPU
		{DE845299-000E-D692-ED52-432B87AF1E28}.Debug|Any CPU.Build.0 = Debug|Any CPU
		{DE845299-000E-D692-ED52-432B87AF1E28}.Release|Any CPU.ActiveCfg = Release|Any CPU
		{DE845299-000E-D692-ED52-432B87AF1E28}.Release|Any CPU.Build.0 = Release|Any CPU
		{C39F3916-83FD-1097-707F-EFA14457B775}.Debug|Any CPU.ActiveCfg = Debug|Any CPU
		{C39F3916-83FD-1097-707F-EFA14457B775}.Debug|Any CPU.Build.0 = Debug|Any CPU
		{C39F3916-83FD-1097-707F-EFA14457B775}.Release|Any CPU.ActiveCfg = Release|Any CPU
		{C39F3916-83FD-1097-707F-EFA14457B775}.Release|Any CPU.Build.0 = Release|Any CPU
		{424E5EBB-442C-8C42-A1A4-03FEB67987EC}.Debug|Any CPU.ActiveCfg = Debug|Any CPU
		{424E5EBB-442C-8C42-A1A4-03FEB67987EC}.Debug|Any CPU.Build.0 = Debug|Any CPU
		{424E5EBB-442C-8C42-A1A4-03FEB67987EC}.Release|Any CPU.ActiveCfg = Release|Any CPU
		{424E5EBB-442C-8C42-A1A4-03FEB67987EC}.Release|Any CPU.Build.0 = Release|Any CPU
		{09F91743-0324-8969-39BA-5BC650E10B45}.Debug|Any CPU.ActiveCfg = Debug|Any CPU
		{09F91743-0324-8969-39BA-5BC650E10B45}.Debug|Any CPU.Build.0 = Debug|Any CPU
		{09F91743-0324-8969-39BA-5BC650E10B45}.Release|Any CPU.ActiveCfg = Release|Any CPU
		{09F91743-0324-8969-39BA-5BC650E10B45}.Release|Any CPU.Build.0 = Release|Any CPU
		{839BFD68-4710-1C94-5616-EF4E13A02097}.Debug|Any CPU.ActiveCfg = Debug|Any CPU
		{839BFD68-4710-1C94-5616-EF4E13A02097}.Debug|Any CPU.Build.0 = Debug|Any CPU
		{839BFD68-4710-1C94-5616-EF4E13A02097}.Release|Any CPU.ActiveCfg = Release|Any CPU
		{839BFD68-4710-1C94-5616-EF4E13A02097}.Release|Any CPU.Build.0 = Release|Any CPU
		{B2417817-AFE5-46AD-72B2-8C9BC8E19E96}.Debug|Any CPU.ActiveCfg = Debug|Any CPU
		{B2417817-AFE5-46AD-72B2-8C9BC8E19E96}.Debug|Any CPU.Build.0 = Debug|Any CPU
		{B2417817-AFE5-46AD-72B2-8C9BC8E19E96}.Release|Any CPU.ActiveCfg = Release|Any CPU
		{B2417817-AFE5-46AD-72B2-8C9BC8E19E96}.Release|Any CPU.Build.0 = Release|Any CPU
		{DA6E9F14-57AA-D4B3-C74E-1115DF6D979B}.Debug|Any CPU.ActiveCfg = Debug|Any CPU
		{DA6E9F14-57AA-D4B3-C74E-1115DF6D979B}.Debug|Any CPU.Build.0 = Debug|Any CPU
		{DA6E9F14-57AA-D4B3-C74E-1115DF6D979B}.Release|Any CPU.ActiveCfg = Release|Any CPU
		{DA6E9F14-57AA-D4B3-C74E-1115DF6D979B}.Release|Any CPU.Build.0 = Release|Any CPU
		{6F3D7D1F-4EEF-32E8-440F-FCC6C156C8A7}.Debug|Any CPU.ActiveCfg = Debug|Any CPU
		{6F3D7D1F-4EEF-32E8-440F-FCC6C156C8A7}.Debug|Any CPU.Build.0 = Debug|Any CPU
		{6F3D7D1F-4EEF-32E8-440F-FCC6C156C8A7}.Release|Any CPU.ActiveCfg = Release|Any CPU
		{6F3D7D1F-4EEF-32E8-440F-FCC6C156C8A7}.Release|Any CPU.Build.0 = Release|Any CPU
		{E177D19E-3B27-7C9D-CCB5-EFF6D44B904C}.Debug|Any CPU.ActiveCfg = Debug|Any CPU
		{E177D19E-3B27-7C9D-CCB5-EFF6D44B904C}.Debug|Any CPU.Build.0 = Debug|Any CPU
		{E177D19E-3B27-7C9D-CCB5-EFF6D44B904C}.Release|Any CPU.ActiveCfg = Release|Any CPU
		{E177D19E-3B27-7C9D-CCB5-EFF6D44B904C}.Release|Any CPU.Build.0 = Release|Any CPU
		{A57F8416-C391-F8E0-CF91-D10D0ADE102E}.Debug|Any CPU.ActiveCfg = Debug|Any CPU
		{A57F8416-C391-F8E0-CF91-D10D0ADE102E}.Debug|Any CPU.Build.0 = Debug|Any CPU
		{A57F8416-C391-F8E0-CF91-D10D0ADE102E}.Release|Any CPU.ActiveCfg = Release|Any CPU
		{A57F8416-C391-F8E0-CF91-D10D0ADE102E}.Release|Any CPU.Build.0 = Release|Any CPU
		{9B077EDE-A31E-2733-4531-512E698C8B9F}.Debug|Any CPU.ActiveCfg = Debug|Any CPU
		{9B077EDE-A31E-2733-4531-512E698C8B9F}.Debug|Any CPU.Build.0 = Debug|Any CPU
		{9B077EDE-A31E-2733-4531-512E698C8B9F}.Release|Any CPU.ActiveCfg = Release|Any CPU
		{9B077EDE-A31E-2733-4531-512E698C8B9F}.Release|Any CPU.Build.0 = Release|Any CPU
		{2B65AA05-ED85-639E-2D0B-0AEBCE13D479}.Debug|Any CPU.ActiveCfg = Debug|Any CPU
		{2B65AA05-ED85-639E-2D0B-0AEBCE13D479}.Debug|Any CPU.Build.0 = Debug|Any CPU
		{2B65AA05-ED85-639E-2D0B-0AEBCE13D479}.Release|Any CPU.ActiveCfg = Release|Any CPU
		{2B65AA05-ED85-639E-2D0B-0AEBCE13D479}.Release|Any CPU.Build.0 = Release|Any CPU
		{DF295656-DAE7-893B-5E94-8541A569B27A}.Debug|Any CPU.ActiveCfg = Debug|Any CPU
		{DF295656-DAE7-893B-5E94-8541A569B27A}.Debug|Any CPU.Build.0 = Debug|Any CPU
		{DF295656-DAE7-893B-5E94-8541A569B27A}.Release|Any CPU.ActiveCfg = Release|Any CPU
		{DF295656-DAE7-893B-5E94-8541A569B27A}.Release|Any CPU.Build.0 = Release|Any CPU
		{2C60C986-67C4-0C18-845D-563C0B877B6E}.Debug|Any CPU.ActiveCfg = Debug|Any CPU
		{2C60C986-67C4-0C18-845D-563C0B877B6E}.Debug|Any CPU.Build.0 = Debug|Any CPU
		{2C60C986-67C4-0C18-845D-563C0B877B6E}.Release|Any CPU.ActiveCfg = Release|Any CPU
		{2C60C986-67C4-0C18-845D-563C0B877B6E}.Release|Any CPU.Build.0 = Release|Any CPU
		{CD9B143F-02FA-2D95-AA0D-27B1421AF1B2}.Debug|Any CPU.ActiveCfg = Debug|Any CPU
		{CD9B143F-02FA-2D95-AA0D-27B1421AF1B2}.Debug|Any CPU.Build.0 = Debug|Any CPU
		{CD9B143F-02FA-2D95-AA0D-27B1421AF1B2}.Release|Any CPU.ActiveCfg = Release|Any CPU
		{CD9B143F-02FA-2D95-AA0D-27B1421AF1B2}.Release|Any CPU.Build.0 = Release|Any CPU
		{BE612D3C-5723-891A-AA47-06B74448E577}.Debug|Any CPU.ActiveCfg = Debug|Any CPU
		{BE612D3C-5723-891A-AA47-06B74448E577}.Debug|Any CPU.Build.0 = Debug|Any CPU
		{BE612D3C-5723-891A-AA47-06B74448E577}.Release|Any CPU.ActiveCfg = Release|Any CPU
		{BE612D3C-5723-891A-AA47-06B74448E577}.Release|Any CPU.Build.0 = Release|Any CPU
		{8AD0F7D6-BD40-8ACE-8625-235E33009D53}.Debug|Any CPU.ActiveCfg = Debug|Any CPU
		{8AD0F7D6-BD40-8ACE-8625-235E33009D53}.Debug|Any CPU.Build.0 = Debug|Any CPU
		{8AD0F7D6-BD40-8ACE-8625-235E33009D53}.Release|Any CPU.ActiveCfg = Release|Any CPU
		{8AD0F7D6-BD40-8ACE-8625-235E33009D53}.Release|Any CPU.Build.0 = Release|Any CPU
		{E75798C8-E0BB-8FA4-93B0-074C4449A020}.Debug|Any CPU.ActiveCfg = Debug|Any CPU
		{E75798C8-E0BB-8FA4-93B0-074C4449A020}.Debug|Any CPU.Build.0 = Debug|Any CPU
		{E75798C8-E0BB-8FA4-93B0-074C4449A020}.Release|Any CPU.ActiveCfg = Release|Any CPU
		{E75798C8-E0BB-8FA4-93B0-074C4449A020}.Release|Any CPU.Build.0 = Release|Any CPU
		{A1B5D564-EC94-5291-75FB-658E37C3B614}.Debug|Any CPU.ActiveCfg = Debug|Any CPU
		{A1B5D564-EC94-5291-75FB-658E37C3B614}.Debug|Any CPU.Build.0 = Debug|Any CPU
		{A1B5D564-EC94-5291-75FB-658E37C3B614}.Release|Any CPU.ActiveCfg = Release|Any CPU
		{A1B5D564-EC94-5291-75FB-658E37C3B614}.Release|Any CPU.Build.0 = Release|Any CPU
		{3404DB9E-10CF-17A9-CCAE-DA547404CC56}.Debug|Any CPU.ActiveCfg = Debug|Any CPU
		{3404DB9E-10CF-17A9-CCAE-DA547404CC56}.Debug|Any CPU.Build.0 = Debug|Any CPU
		{3404DB9E-10CF-17A9-CCAE-DA547404CC56}.Release|Any CPU.ActiveCfg = Release|Any CPU
		{3404DB9E-10CF-17A9-CCAE-DA547404CC56}.Release|Any CPU.Build.0 = Release|Any CPU
		{006DF2F8-1FF9-7972-2593-1363B3F999B6}.Debug|Any CPU.ActiveCfg = Debug|Any CPU
		{006DF2F8-1FF9-7972-2593-1363B3F999B6}.Debug|Any CPU.Build.0 = Debug|Any CPU
		{006DF2F8-1FF9-7972-2593-1363B3F999B6}.Release|Any CPU.ActiveCfg = Release|Any CPU
		{006DF2F8-1FF9-7972-2593-1363B3F999B6}.Release|Any CPU.Build.0 = Release|Any CPU
		{DC2727C6-4AB6-3A13-7DED-00929C8EC463}.Debug|Any CPU.ActiveCfg = Debug|Any CPU
		{DC2727C6-4AB6-3A13-7DED-00929C8EC463}.Debug|Any CPU.Build.0 = Debug|Any CPU
		{DC2727C6-4AB6-3A13-7DED-00929C8EC463}.Release|Any CPU.ActiveCfg = Release|Any CPU
		{DC2727C6-4AB6-3A13-7DED-00929C8EC463}.Release|Any CPU.Build.0 = Release|Any CPU
		{537E5A25-A024-F5F0-F0F1-A3E469A0DAD1}.Debug|Any CPU.ActiveCfg = Debug|Any CPU
		{537E5A25-A024-F5F0-F0F1-A3E469A0DAD1}.Debug|Any CPU.Build.0 = Debug|Any CPU
		{537E5A25-A024-F5F0-F0F1-A3E469A0DAD1}.Release|Any CPU.ActiveCfg = Release|Any CPU
		{537E5A25-A024-F5F0-F0F1-A3E469A0DAD1}.Release|Any CPU.Build.0 = Release|Any CPU
		{39B3A540-5DD9-B8EB-C517-8418997D5D39}.Debug|Any CPU.ActiveCfg = Debug|Any CPU
		{39B3A540-5DD9-B8EB-C517-8418997D5D39}.Debug|Any CPU.Build.0 = Debug|Any CPU
		{39B3A540-5DD9-B8EB-C517-8418997D5D39}.Release|Any CPU.ActiveCfg = Release|Any CPU
		{39B3A540-5DD9-B8EB-C517-8418997D5D39}.Release|Any CPU.Build.0 = Release|Any CPU
		{C3CAB710-46A8-AF2F-7A42-88AF98C6A169}.Debug|Any CPU.ActiveCfg = Debug|Any CPU
		{C3CAB710-46A8-AF2F-7A42-88AF98C6A169}.Debug|Any CPU.Build.0 = Debug|Any CPU
		{C3CAB710-46A8-AF2F-7A42-88AF98C6A169}.Release|Any CPU.ActiveCfg = Release|Any CPU
		{C3CAB710-46A8-AF2F-7A42-88AF98C6A169}.Release|Any CPU.Build.0 = Release|Any CPU
		{02E0DE66-9D2B-4EBF-DAF4-5B656F831243}.Debug|Any CPU.ActiveCfg = Debug|Any CPU
		{02E0DE66-9D2B-4EBF-DAF4-5B656F831243}.Debug|Any CPU.Build.0 = Debug|Any CPU
		{02E0DE66-9D2B-4EBF-DAF4-5B656F831243}.Release|Any CPU.ActiveCfg = Release|Any CPU
		{02E0DE66-9D2B-4EBF-DAF4-5B656F831243}.Release|Any CPU.Build.0 = Release|Any CPU
		{728AEAAD-7F0E-C39A-B506-EB91E3672763}.Debug|Any CPU.ActiveCfg = Debug|Any CPU
		{728AEAAD-7F0E-C39A-B506-EB91E3672763}.Debug|Any CPU.Build.0 = Debug|Any CPU
		{728AEAAD-7F0E-C39A-B506-EB91E3672763}.Release|Any CPU.ActiveCfg = Release|Any CPU
		{728AEAAD-7F0E-C39A-B506-EB91E3672763}.Release|Any CPU.Build.0 = Release|Any CPU
		{C15C8B78-0884-6D2F-25A4-CEC305902E17}.Debug|Any CPU.ActiveCfg = Debug|Any CPU
		{C15C8B78-0884-6D2F-25A4-CEC305902E17}.Debug|Any CPU.Build.0 = Debug|Any CPU
		{C15C8B78-0884-6D2F-25A4-CEC305902E17}.Release|Any CPU.ActiveCfg = Release|Any CPU
		{C15C8B78-0884-6D2F-25A4-CEC305902E17}.Release|Any CPU.Build.0 = Release|Any CPU
		{0A4F860D-63BC-5144-2181-551A28DEC26C}.Debug|Any CPU.ActiveCfg = Debug|Any CPU
		{0A4F860D-63BC-5144-2181-551A28DEC26C}.Debug|Any CPU.Build.0 = Debug|Any CPU
		{0A4F860D-63BC-5144-2181-551A28DEC26C}.Release|Any CPU.ActiveCfg = Release|Any CPU
		{0A4F860D-63BC-5144-2181-551A28DEC26C}.Release|Any CPU.Build.0 = Release|Any CPU
		{20DA2AC0-0B3D-741A-DA50-3EAFDADDCDB6}.Debug|Any CPU.ActiveCfg = Debug|Any CPU
		{20DA2AC0-0B3D-741A-DA50-3EAFDADDCDB6}.Debug|Any CPU.Build.0 = Debug|Any CPU
		{20DA2AC0-0B3D-741A-DA50-3EAFDADDCDB6}.Release|Any CPU.ActiveCfg = Release|Any CPU
		{20DA2AC0-0B3D-741A-DA50-3EAFDADDCDB6}.Release|Any CPU.Build.0 = Release|Any CPU
		{2269A539-E431-2D38-8313-06C294B87DCB}.Debug|Any CPU.ActiveCfg = Debug|Any CPU
		{2269A539-E431-2D38-8313-06C294B87DCB}.Debug|Any CPU.Build.0 = Debug|Any CPU
		{2269A539-E431-2D38-8313-06C294B87DCB}.Release|Any CPU.ActiveCfg = Release|Any CPU
		{2269A539-E431-2D38-8313-06C294B87DCB}.Release|Any CPU.Build.0 = Release|Any CPU
	EndGlobalSection
	GlobalSection(SolutionProperties) = preSolution
		HideSolutionNode = FALSE
	EndGlobalSection
EndGlobal
